
Microsoft Visual Studio Solution File, Format Version 12.00
# Visual Studio Version 16
VisualStudioVersion = 16.0.31410.357
MinimumVisualStudioVersion = 10.0.40219.1
Project("{FAE04EC0-301F-11D3-BF4B-00C04F79EFBC}") = "AccuWeather", "AccuWeather.csproj", "{5BC54EC2-84DA-4706-AAFD-6AED04E293AE}"
EndProject
Global
	GlobalSection(SolutionConfigurationPlatforms) = preSolution
		Debug|Any CPU = Debug|Any CPU
		Release|Any CPU = Release|Any CPU
	EndGlobalSection
	GlobalSection(ProjectConfigurationPlatforms) = postSolution
		{5BC54EC2-84DA-4706-AAFD-6AED04E293AE}.Debug|Any CPU.ActiveCfg = Debug|Any CPU
		{5BC54EC2-84DA-4706-AAFD-6AED04E293AE}.Debug|Any CPU.Build.0 = Debug|Any CPU
		{5BC54EC2-84DA-4706-AAFD-6AED04E293AE}.Release|Any CPU.ActiveCfg = Release|Any CPU
		{5BC54EC2-84DA-4706-AAFD-6AED04E293AE}.Release|Any CPU.Build.0 = Release|Any CPU
	EndGlobalSection
	GlobalSection(SolutionProperties) = preSolution
		HideSolutionNode = FALSE
	EndGlobalSection
	GlobalSection(ExtensibilityGlobals) = postSolution
		SolutionGuid = {30F804FB-7F1A-4A82-BC5E-1B316AD1F340}
	EndGlobalSection
EndGlobal
